{
  "version": 4,
  "terraform_version": "1.5.1",
  "serial": 25,
  "lineage": "9022081e-0fb1-504b-0bdb-72c9a9d417bc",
  "outputs": {},
  "resources": [
    {
      "mode": "managed",
      "type": "azurerm_policy_set_definition",
      "name": "azdefinition-wl-eus-loganalytics",
      "provider": "provider[\"registry.terraform.io/hashicorp/azurerm\"]",
      "instances": [
        {
          "schema_version": 0,
          "attributes": {
            "description": "Testing initiative deployment",
            "display_name": "Damitest initiative-mydeployment",
            "id": "/providers/Microsoft.Management/managementGroups/389b7e7c-4be2-4213-81b1-9e3a9afabd19/providers/Microsoft.Authorization/policySetDefinitions/azdefinition-wl-eus-loganalytics",
            "management_group_id": "/providers/Microsoft.Management/managementGroups/389b7e7c-4be2-4213-81b1-9e3a9afabd19",
            "metadata": "{\"category\":\"Monitoring\",\"createdBy\":\"37a67bdc-f4b9-4038-9a29-9949d32a1f98\",\"createdOn\":\"2023-07-09T17:01:43.1339543Z\",\"updatedBy\":\"37a67bdc-f4b9-4038-9a29-9949d32a1f98\",\"updatedOn\":\"2023-07-09T17:09:51.8582198Z\"}",
            "name": "azdefinition-wl-eus-loganalytics",
            "parameters": "{\"logAnalytics_name\":{\"type\":\"String\",\"metadata\":{\"assignPermissions\":true,\"description\":\"Select Log Analytics workspace from dropdown list. If this workspace is outside of the scope of the assignment you must manually grant 'Log Analytics Contributor' permissions (or similar) to the policy assignment's principal ID.\",\"displayName\":\"Log Analytics workspace\",\"strongType\":\"omsWorkspace\"}}}",
            "policy_definition_group": [],
            "policy_definition_reference": [
              {
                "parameter_values": "{\"logAnalytics\":{\"value\":\"[parameters('logAnalytics_name')]\"}}",
                "policy_definition_id": "/providers/Microsoft.Authorization/policyDefinitions/04d53d87-841c-4f23-8a5b-21564380b55e",
                "policy_group_names": [],
                "reference_id": "10882780312492872357"
              },
              {
                "parameter_values": "{\"logAnalytics\":{\"value\":\"[parameters('logAnalytics_name')]\"}}",
                "policy_definition_id": "/providers/Microsoft.Authorization/policyDefinitions/1f6e93e8-6b31-41b1-83f6-36e449a42579",
                "policy_group_names": [],
                "reference_id": "16916070792991128462"
              },
              {
                "parameter_values": "{\"logAnalytics\":{\"value\":\"[parameters('logAnalytics_name')]\"}}",
                "policy_definition_id": "/providers/Microsoft.Authorization/policyDefinitions/25763a0a-5783-4f14-969e-79d4933eb74b",
                "policy_group_names": [],
                "reference_id": "11172492852738841124"
              },
              {
                "parameter_values": "{}",
                "policy_definition_id": "/providers/Microsoft.Authorization/policyDefinitions/06a78e20-9358-41c9-923c-fb736d382a4d",
                "policy_group_names": [],
                "reference_id": "8044870099827093134"
              }
            ],
            "policy_type": "Custom",
            "timeouts": null
          },
          "sensitive_attributes": [],
          "private": "eyJlMmJmYjczMC1lY2FhLTExZTYtOGY4OC0zNDM2M2JjN2M0YzAiOnsiY3JlYXRlIjoxODAwMDAwMDAwMDAwLCJkZWxldGUiOjE4MDAwMDAwMDAwMDAsInJlYWQiOjMwMDAwMDAwMDAwMCwidXBkYXRlIjoxODAwMDAwMDAwMDAwfX0="
        }
      ]
    }
  ],
  "check_results": null
}
